// !$*UTF8*$!
{
	archiveVersion = 1;
	classes = {
	};
	objectVersion = 55;
	objects = {

/* Begin PBXBuildFile section */
		3D28CA4E287C14D4009BB63E /* CurrencyExchangeView.swift in Sources */ = {isa = PBXBuildFile; fileRef = 3D28CA4D287C14D4009BB63E /* CurrencyExchangeView.swift */; };
		3D28CA50287C14DC009BB63E /* CurrencyExchangeView.xib in Resources */ = {isa = PBXBuildFile; fileRef = 3D28CA4F287C14DC009BB63E /* CurrencyExchangeView.xib */; };
		754F3B1E28940AEF00F0352A /* StoreKit.framework in Frameworks */ = {isa = PBXBuildFile; fileRef = 754F3B1D28940AEF00F0352A /* StoreKit.framework */; };
		754F3B2028940DA600F0352A /* InAppPurchaseHelper.swift in Sources */ = {isa = PBXBuildFile; fileRef = 754F3B1F28940DA600F0352A /* InAppPurchaseHelper.swift */; };
		75648090288DB9D800353FE5 /* SettingsViewController.swift in Sources */ = {isa = PBXBuildFile; fileRef = 7564808E288DB9D800353FE5 /* SettingsViewController.swift */; };
		75648091288DB9D800353FE5 /* SettingsViewController.xib in Resources */ = {isa = PBXBuildFile; fileRef = 7564808F288DB9D800353FE5 /* SettingsViewController.xib */; };
		75648093288DB9DF00353FE5 /* SettingsViewModel.swift in Sources */ = {isa = PBXBuildFile; fileRef = 75648092288DB9DF00353FE5 /* SettingsViewModel.swift */; };
		75D898A528709A6E00433661 /* UniversalHTTP in Frameworks */ = {isa = PBXBuildFile; productRef = 75D898A428709A6E00433661 /* UniversalHTTP */; };
		75D898A8287433B200433661 /* FloatingPanel in Frameworks */ = {isa = PBXBuildFile; productRef = 75D898A7287433B200433661 /* FloatingPanel */; };
		75D898AA2874346F00433661 /* LocationManager.swift in Sources */ = {isa = PBXBuildFile; fileRef = 75D898A92874346F00433661 /* LocationManager.swift */; };
		75D898AE2874476000433661 /* ConverterPanelViewController.swift in Sources */ = {isa = PBXBuildFile; fileRef = 75D898AC2874476000433661 /* ConverterPanelViewController.swift */; };
		75D898AF2874476000433661 /* ConverterPanelViewController.xib in Resources */ = {isa = PBXBuildFile; fileRef = 75D898AD2874476000433661 /* ConverterPanelViewController.xib */; };
		75D898B12874477B00433661 /* ConverterPanelViewModel.swift in Sources */ = {isa = PBXBuildFile; fileRef = 75D898B02874477B00433661 /* ConverterPanelViewModel.swift */; };
		75D898B6287466CD00433661 /* Heebo-Medium.ttf in Resources */ = {isa = PBXBuildFile; fileRef = 75D898B3287466CC00433661 /* Heebo-Medium.ttf */; };
		75D898B7287466CD00433661 /* Heebo-Regular.ttf in Resources */ = {isa = PBXBuildFile; fileRef = 75D898B4287466CC00433661 /* Heebo-Regular.ttf */; };
		75D898B8287466CD00433661 /* Heebo-Bold.ttf in Resources */ = {isa = PBXBuildFile; fileRef = 75D898B5287466CC00433661 /* Heebo-Bold.ttf */; };
		75D898BA28781CB900433661 /* Extensions.swift in Sources */ = {isa = PBXBuildFile; fileRef = 75D898B928781CB900433661 /* Extensions.swift */; };
		75D898C428786ADD00433661 /* NetworkManager.swift in Sources */ = {isa = PBXBuildFile; fileRef = 75D898C328786ADD00433661 /* NetworkManager.swift */; };
		75D898C82878842000433661 /* CurrencyModel.swift in Sources */ = {isa = PBXBuildFile; fileRef = 75D898C72878842000433661 /* CurrencyModel.swift */; };
		75D898D7287ADD5B00433661 /* SiteInfoViewController.swift in Sources */ = {isa = PBXBuildFile; fileRef = 75D898D5287ADD5B00433661 /* SiteInfoViewController.swift */; };
		75D898D8287ADD5B00433661 /* SiteInfoViewController.xib in Resources */ = {isa = PBXBuildFile; fileRef = 75D898D6287ADD5B00433661 /* SiteInfoViewController.xib */; };
		75D898DA287ADD6D00433661 /* SiteInfoViewModel.swift in Sources */ = {isa = PBXBuildFile; fileRef = 75D898D9287ADD6D00433661 /* SiteInfoViewModel.swift */; };
		75E8E1E4286EE454008EE3AA /* AppDelegate.swift in Sources */ = {isa = PBXBuildFile; fileRef = 75E8E1E3286EE454008EE3AA /* AppDelegate.swift */; };
		75E8E1E6286EE454008EE3AA /* SceneDelegate.swift in Sources */ = {isa = PBXBuildFile; fileRef = 75E8E1E5286EE454008EE3AA /* SceneDelegate.swift */; };
		75E8E1E8286EE454008EE3AA /* ViewController.swift in Sources */ = {isa = PBXBuildFile; fileRef = 75E8E1E7286EE454008EE3AA /* ViewController.swift */; };
		75E8E1ED286EE457008EE3AA /* Assets.xcassets in Resources */ = {isa = PBXBuildFile; fileRef = 75E8E1EC286EE457008EE3AA /* Assets.xcassets */; };
		75E8E1F0286EE457008EE3AA /* LaunchScreen.storyboard in Resources */ = {isa = PBXBuildFile; fileRef = 75E8E1EE286EE457008EE3AA /* LaunchScreen.storyboard */; };
		75E8E1F9286EE59E008EE3AA /* EKSwiftSuite in Frameworks */ = {isa = PBXBuildFile; productRef = 75E8E1F8286EE59E008EE3AA /* EKSwiftSuite */; };
		75E8E1FD286EE61C008EE3AA /* MainCoordinator.swift in Sources */ = {isa = PBXBuildFile; fileRef = 75E8E1FC286EE61C008EE3AA /* MainCoordinator.swift */; };
		75E8E1FF286EE660008EE3AA /* UserManager.swift in Sources */ = {isa = PBXBuildFile; fileRef = 75E8E1FE286EE660008EE3AA /* UserManager.swift */; };
		75E8E207286EE73A008EE3AA /* HomeScreenViewModel.swift in Sources */ = {isa = PBXBuildFile; fileRef = 75E8E206286EE73A008EE3AA /* HomeScreenViewModel.swift */; };
		75E8E209286EE7CF008EE3AA /* BaseViewController.swift in Sources */ = {isa = PBXBuildFile; fileRef = 75E8E208286EE7CF008EE3AA /* BaseViewController.swift */; };
		75E8E20B286EE802008EE3AA /* BindableViewController.swift in Sources */ = {isa = PBXBuildFile; fileRef = 75E8E20A286EE802008EE3AA /* BindableViewController.swift */; };
		75E8E20D286EE8D5008EE3AA /* OnboardingCoordinator.swift in Sources */ = {isa = PBXBuildFile; fileRef = 75E8E20C286EE8D5008EE3AA /* OnboardingCoordinator.swift */; };
		75E8E212286EE90D008EE3AA /* OnboardingViewController.swift in Sources */ = {isa = PBXBuildFile; fileRef = 75E8E210286EE90D008EE3AA /* OnboardingViewController.swift */; };
		75E8E213286EE90D008EE3AA /* OnboardingViewController.xib in Resources */ = {isa = PBXBuildFile; fileRef = 75E8E211286EE90D008EE3AA /* OnboardingViewController.xib */; };
		75E8E215286EE917008EE3AA /* OnboardingViewModel.swift in Sources */ = {isa = PBXBuildFile; fileRef = 75E8E214286EE917008EE3AA /* OnboardingViewModel.swift */; };
		75E8E218286EFEC4008EE3AA /* HomeScreenViewController.swift in Sources */ = {isa = PBXBuildFile; fileRef = 75E8E216286EFEC4008EE3AA /* HomeScreenViewController.swift */; };
		75E8E219286EFEC4008EE3AA /* HomeScreenViewController.xib in Resources */ = {isa = PBXBuildFile; fileRef = 75E8E217286EFEC4008EE3AA /* HomeScreenViewController.xib */; };
		75E8E224287038D6008EE3AA /* NotSwiftUI in Frameworks */ = {isa = PBXBuildFile; productRef = 75E8E223287038D6008EE3AA /* NotSwiftUI */; };
		75E8E22628703A93008EE3AA /* Constants.swift in Sources */ = {isa = PBXBuildFile; fileRef = 75E8E22528703A93008EE3AA /* Constants.swift */; };
		75E8E23428705175008EE3AA /* Subscribable.swift in Sources */ = {isa = PBXBuildFile; fileRef = 75E8E23328705175008EE3AA /* Subscribable.swift */; };
/* End PBXBuildFile section */

/* Begin PBXFileReference section */
		3D28CA4D287C14D4009BB63E /* CurrencyExchangeView.swift */ = {isa = PBXFileReference; lastKnownFileType = sourcecode.swift; path = CurrencyExchangeView.swift; sourceTree = "<group>"; };
		3D28CA4F287C14DC009BB63E /* CurrencyExchangeView.xib */ = {isa = PBXFileReference; lastKnownFileType = file.xib; path = CurrencyExchangeView.xib; sourceTree = "<group>"; };
		754F3B1D28940AEF00F0352A /* StoreKit.framework */ = {isa = PBXFileReference; lastKnownFileType = wrapper.framework; name = StoreKit.framework; path = System/Library/Frameworks/StoreKit.framework; sourceTree = SDKROOT; };
		754F3B1F28940DA600F0352A /* InAppPurchaseHelper.swift */ = {isa = PBXFileReference; lastKnownFileType = sourcecode.swift; path = InAppPurchaseHelper.swift; sourceTree = "<group>"; };
		7564808E288DB9D800353FE5 /* SettingsViewController.swift */ = {isa = PBXFileReference; lastKnownFileType = sourcecode.swift; path = SettingsViewController.swift; sourceTree = "<group>"; };
		7564808F288DB9D800353FE5 /* SettingsViewController.xib */ = {isa = PBXFileReference; lastKnownFileType = file.xib; path = SettingsViewController.xib; sourceTree = "<group>"; };
		75648092288DB9DF00353FE5 /* SettingsViewModel.swift */ = {isa = PBXFileReference; lastKnownFileType = sourcecode.swift; path = SettingsViewModel.swift; sourceTree = "<group>"; };
		75D898A92874346F00433661 /* LocationManager.swift */ = {isa = PBXFileReference; lastKnownFileType = sourcecode.swift; path = LocationManager.swift; sourceTree = "<group>"; };
		75D898AC2874476000433661 /* ConverterPanelViewController.swift */ = {isa = PBXFileReference; lastKnownFileType = sourcecode.swift; path = ConverterPanelViewController.swift; sourceTree = "<group>"; };
		75D898AD2874476000433661 /* ConverterPanelViewController.xib */ = {isa = PBXFileReference; lastKnownFileType = file.xib; path = ConverterPanelViewController.xib; sourceTree = "<group>"; };
		75D898B02874477B00433661 /* ConverterPanelViewModel.swift */ = {isa = PBXFileReference; lastKnownFileType = sourcecode.swift; path = ConverterPanelViewModel.swift; sourceTree = "<group>"; };
		75D898B3287466CC00433661 /* Heebo-Medium.ttf */ = {isa = PBXFileReference; lastKnownFileType = file; path = "Heebo-Medium.ttf"; sourceTree = "<group>"; };
		75D898B4287466CC00433661 /* Heebo-Regular.ttf */ = {isa = PBXFileReference; lastKnownFileType = file; path = "Heebo-Regular.ttf"; sourceTree = "<group>"; };
		75D898B5287466CC00433661 /* Heebo-Bold.ttf */ = {isa = PBXFileReference; lastKnownFileType = file; path = "Heebo-Bold.ttf"; sourceTree = "<group>"; };
		75D898B928781CB900433661 /* Extensions.swift */ = {isa = PBXFileReference; lastKnownFileType = sourcecode.swift; path = Extensions.swift; sourceTree = "<group>"; };
		75D898C328786ADD00433661 /* NetworkManager.swift */ = {isa = PBXFileReference; lastKnownFileType = sourcecode.swift; path = NetworkManager.swift; sourceTree = "<group>"; };
		75D898C72878842000433661 /* CurrencyModel.swift */ = {isa = PBXFileReference; lastKnownFileType = sourcecode.swift; path = CurrencyModel.swift; sourceTree = "<group>"; };
		75D898D5287ADD5B00433661 /* SiteInfoViewController.swift */ = {isa = PBXFileReference; lastKnownFileType = sourcecode.swift; path = SiteInfoViewController.swift; sourceTree = "<group>"; };
		75D898D6287ADD5B00433661 /* SiteInfoViewController.xib */ = {isa = PBXFileReference; lastKnownFileType = file.xib; path = SiteInfoViewController.xib; sourceTree = "<group>"; };
		75D898D9287ADD6D00433661 /* SiteInfoViewModel.swift */ = {isa = PBXFileReference; lastKnownFileType = sourcecode.swift; path = SiteInfoViewModel.swift; sourceTree = "<group>"; };
		75E8E1E0286EE454008EE3AA /* CurrencyConverter.app */ = {isa = PBXFileReference; explicitFileType = wrapper.application; includeInIndex = 0; path = CurrencyConverter.app; sourceTree = BUILT_PRODUCTS_DIR; };
		75E8E1E3286EE454008EE3AA /* AppDelegate.swift */ = {isa = PBXFileReference; lastKnownFileType = sourcecode.swift; path = AppDelegate.swift; sourceTree = "<group>"; };
		75E8E1E5286EE454008EE3AA /* SceneDelegate.swift */ = {isa = PBXFileReference; lastKnownFileType = sourcecode.swift; path = SceneDelegate.swift; sourceTree = "<group>"; };
		75E8E1E7286EE454008EE3AA /* ViewController.swift */ = {isa = PBXFileReference; lastKnownFileType = sourcecode.swift; path = ViewController.swift; sourceTree = "<group>"; };
		75E8E1EC286EE457008EE3AA /* Assets.xcassets */ = {isa = PBXFileReference; lastKnownFileType = folder.assetcatalog; path = Assets.xcassets; sourceTree = "<group>"; };
		75E8E1EF286EE457008EE3AA /* Base */ = {isa = PBXFileReference; lastKnownFileType = file.storyboard; name = Base; path = Base.lproj/LaunchScreen.storyboard; sourceTree = "<group>"; };
		75E8E1F1286EE457008EE3AA /* Info.plist */ = {isa = PBXFileReference; lastKnownFileType = text.plist.xml; path = Info.plist; sourceTree = "<group>"; };
		75E8E1FC286EE61C008EE3AA /* MainCoordinator.swift */ = {isa = PBXFileReference; lastKnownFileType = sourcecode.swift; path = MainCoordinator.swift; sourceTree = "<group>"; };
		75E8E1FE286EE660008EE3AA /* UserManager.swift */ = {isa = PBXFileReference; lastKnownFileType = sourcecode.swift; path = UserManager.swift; sourceTree = "<group>"; };
		75E8E206286EE73A008EE3AA /* HomeScreenViewModel.swift */ = {isa = PBXFileReference; lastKnownFileType = sourcecode.swift; path = HomeScreenViewModel.swift; sourceTree = "<group>"; };
		75E8E208286EE7CF008EE3AA /* BaseViewController.swift */ = {isa = PBXFileReference; lastKnownFileType = sourcecode.swift; path = BaseViewController.swift; sourceTree = "<group>"; };
		75E8E20A286EE802008EE3AA /* BindableViewController.swift */ = {isa = PBXFileReference; lastKnownFileType = sourcecode.swift; path = BindableViewController.swift; sourceTree = "<group>"; };
		75E8E20C286EE8D5008EE3AA /* OnboardingCoordinator.swift */ = {isa = PBXFileReference; lastKnownFileType = sourcecode.swift; path = OnboardingCoordinator.swift; sourceTree = "<group>"; };
		75E8E210286EE90D008EE3AA /* OnboardingViewController.swift */ = {isa = PBXFileReference; lastKnownFileType = sourcecode.swift; path = OnboardingViewController.swift; sourceTree = "<group>"; };
		75E8E211286EE90D008EE3AA /* OnboardingViewController.xib */ = {isa = PBXFileReference; lastKnownFileType = file.xib; path = OnboardingViewController.xib; sourceTree = "<group>"; };
		75E8E214286EE917008EE3AA /* OnboardingViewModel.swift */ = {isa = PBXFileReference; lastKnownFileType = sourcecode.swift; path = OnboardingViewModel.swift; sourceTree = "<group>"; };
		75E8E216286EFEC4008EE3AA /* HomeScreenViewController.swift */ = {isa = PBXFileReference; lastKnownFileType = sourcecode.swift; path = HomeScreenViewController.swift; sourceTree = "<group>"; };
		75E8E217286EFEC4008EE3AA /* HomeScreenViewController.xib */ = {isa = PBXFileReference; lastKnownFileType = file.xib; path = HomeScreenViewController.xib; sourceTree = "<group>"; };
		75E8E22528703A93008EE3AA /* Constants.swift */ = {isa = PBXFileReference; lastKnownFileType = sourcecode.swift; path = Constants.swift; sourceTree = "<group>"; };
		75E8E23328705175008EE3AA /* Subscribable.swift */ = {isa = PBXFileReference; lastKnownFileType = sourcecode.swift; path = Subscribable.swift; sourceTree = "<group>"; };
/* End PBXFileReference section */

/* Begin PBXFrameworksBuildPhase section */
		75E8E1DD286EE454008EE3AA /* Frameworks */ = {
			isa = PBXFrameworksBuildPhase;
			buildActionMask = 2147483647;
			files = (
				75D898A528709A6E00433661 /* UniversalHTTP in Frameworks */,
				75D898A8287433B200433661 /* FloatingPanel in Frameworks */,
				754F3B1E28940AEF00F0352A /* StoreKit.framework in Frameworks */,
				75E8E224287038D6008EE3AA /* NotSwiftUI in Frameworks */,
				75E8E1F9286EE59E008EE3AA /* EKSwiftSuite in Frameworks */,
			);
			runOnlyForDeploymentPostprocessing = 0;
		};
/* End PBXFrameworksBuildPhase section */

/* Begin PBXGroup section */
		3D28CA4B287C14AB009BB63E /* CustomViews */ = {
			isa = PBXGroup;
			children = (
				3D28CA4C287C14B5009BB63E /* CurrencyRatesView */,
			);
			path = CustomViews;
			sourceTree = "<group>";
		};
		3D28CA4C287C14B5009BB63E /* CurrencyRatesView */ = {
			isa = PBXGroup;
			children = (
				3D28CA4D287C14D4009BB63E /* CurrencyExchangeView.swift */,
				3D28CA4F287C14DC009BB63E /* CurrencyExchangeView.xib */,
			);
			path = CurrencyRatesView;
			sourceTree = "<group>";
		};
		754F3B1C28940AEF00F0352A /* Frameworks */ = {
			isa = PBXGroup;
			children = (
				754F3B1D28940AEF00F0352A /* StoreKit.framework */,
			);
			name = Frameworks;
			sourceTree = "<group>";
		};
		7564808D288DB9C900353FE5 /* SettingsViewController */ = {
			isa = PBXGroup;
			children = (
				7564808E288DB9D800353FE5 /* SettingsViewController.swift */,
				75648092288DB9DF00353FE5 /* SettingsViewModel.swift */,
				7564808F288DB9D800353FE5 /* SettingsViewController.xib */,
			);
			path = SettingsViewController;
			sourceTree = "<group>";
		};
		75D898AB2874473900433661 /* ConverterPanelViewController */ = {
			isa = PBXGroup;
			children = (
				75D898AC2874476000433661 /* ConverterPanelViewController.swift */,
				75D898AD2874476000433661 /* ConverterPanelViewController.xib */,
				75D898B02874477B00433661 /* ConverterPanelViewModel.swift */,
			);
			path = ConverterPanelViewController;
			sourceTree = "<group>";
		};
		75D898B2287466AF00433661 /* Fonts */ = {
			isa = PBXGroup;
			children = (
				75D898B5287466CC00433661 /* Heebo-Bold.ttf */,
				75D898B3287466CC00433661 /* Heebo-Medium.ttf */,
				75D898B4287466CC00433661 /* Heebo-Regular.ttf */,
			);
			path = Fonts;
			sourceTree = "<group>";
		};
		75D898C5287883F900433661 /* Networking */ = {
			isa = PBXGroup;
			children = (
				75D898C62878840000433661 /* Models */,
				75D898C328786ADD00433661 /* NetworkManager.swift */,
			);
			path = Networking;
			sourceTree = "<group>";
		};
		75D898C62878840000433661 /* Models */ = {
			isa = PBXGroup;
			children = (
				75D898C72878842000433661 /* CurrencyModel.swift */,
			);
			path = Models;
			sourceTree = "<group>";
		};
		75D898D4287ADD3500433661 /* SiteInfoViewController */ = {
			isa = PBXGroup;
			children = (
				75D898D5287ADD5B00433661 /* SiteInfoViewController.swift */,
				75D898D6287ADD5B00433661 /* SiteInfoViewController.xib */,
				75D898D9287ADD6D00433661 /* SiteInfoViewModel.swift */,
			);
			path = SiteInfoViewController;
			sourceTree = "<group>";
		};
		75E8E1D7286EE454008EE3AA = {
			isa = PBXGroup;
			children = (
				75E8E1E2286EE454008EE3AA /* CurrencyConverter */,
				75E8E1E1286EE454008EE3AA /* Products */,
				754F3B1C28940AEF00F0352A /* Frameworks */,
			);
			sourceTree = "<group>";
		};
		75E8E1E1286EE454008EE3AA /* Products */ = {
			isa = PBXGroup;
			children = (
				75E8E1E0286EE454008EE3AA /* CurrencyConverter.app */,
			);
			name = Products;
			sourceTree = "<group>";
		};
		75E8E1E2286EE454008EE3AA /* CurrencyConverter */ = {
			isa = PBXGroup;
			children = (
				3D28CA4B287C14AB009BB63E /* CustomViews */,
				75E8E200286EE6E6008EE3AA /* ViewControllers */,
				75E8E1FB286EE60D008EE3AA /* Utilities */,
				75E8E1FA286EE607008EE3AA /* Lifecycle */,
				75E8E1E7286EE454008EE3AA /* ViewController.swift */,
				75E8E1EC286EE457008EE3AA /* Assets.xcassets */,
				75E8E1EE286EE457008EE3AA /* LaunchScreen.storyboard */,
				75E8E1F1286EE457008EE3AA /* Info.plist */,
			);
			path = CurrencyConverter;
			sourceTree = "<group>";
		};
		75E8E1FA286EE607008EE3AA /* Lifecycle */ = {
			isa = PBXGroup;
			children = (
				75E8E1E3286EE454008EE3AA /* AppDelegate.swift */,
				75E8E1E5286EE454008EE3AA /* SceneDelegate.swift */,
			);
			path = Lifecycle;
			sourceTree = "<group>";
		};
		75E8E1FB286EE60D008EE3AA /* Utilities */ = {
			isa = PBXGroup;
			children = (
				75D898B2287466AF00433661 /* Fonts */,
				75E8E20E286EE8E7008EE3AA /* Coordinators */,
				75E8E1FE286EE660008EE3AA /* UserManager.swift */,
				75E8E208286EE7CF008EE3AA /* BaseViewController.swift */,
				75E8E20A286EE802008EE3AA /* BindableViewController.swift */,
				75E8E22528703A93008EE3AA /* Constants.swift */,
				75E8E23328705175008EE3AA /* Subscribable.swift */,
				75D898A92874346F00433661 /* LocationManager.swift */,
				75D898B928781CB900433661 /* Extensions.swift */,
				75D898C5287883F900433661 /* Networking */,
				754F3B1F28940DA600F0352A /* InAppPurchaseHelper.swift */,
			);
			path = Utilities;
			sourceTree = "<group>";
		};
		75E8E200286EE6E6008EE3AA /* ViewControllers */ = {
			isa = PBXGroup;
			children = (
				7564808D288DB9C900353FE5 /* SettingsViewController */,
				75D898D4287ADD3500433661 /* SiteInfoViewController */,
				75D898AB2874473900433661 /* ConverterPanelViewController */,
				75E8E20F286EE8F1008EE3AA /* OnboardingViewController */,
				75E8E201286EE6EC008EE3AA /* HomeScreenViewController */,
			);
			path = ViewControllers;
			sourceTree = "<group>";
		};
		75E8E201286EE6EC008EE3AA /* HomeScreenViewController */ = {
			isa = PBXGroup;
			children = (
				75E8E206286EE73A008EE3AA /* HomeScreenViewModel.swift */,
				75E8E216286EFEC4008EE3AA /* HomeScreenViewController.swift */,
				75E8E217286EFEC4008EE3AA /* HomeScreenViewController.xib */,
			);
			path = HomeScreenViewController;
			sourceTree = "<group>";
		};
		75E8E20E286EE8E7008EE3AA /* Coordinators */ = {
			isa = PBXGroup;
			children = (
				75E8E1FC286EE61C008EE3AA /* MainCoordinator.swift */,
				75E8E20C286EE8D5008EE3AA /* OnboardingCoordinator.swift */,
			);
			path = Coordinators;
			sourceTree = "<group>";
		};
		75E8E20F286EE8F1008EE3AA /* OnboardingViewController */ = {
			isa = PBXGroup;
			children = (
				75E8E210286EE90D008EE3AA /* OnboardingViewController.swift */,
				75E8E211286EE90D008EE3AA /* OnboardingViewController.xib */,
				75E8E214286EE917008EE3AA /* OnboardingViewModel.swift */,
			);
			path = OnboardingViewController;
			sourceTree = "<group>";
		};
/* End PBXGroup section */

/* Begin PBXNativeTarget section */
		75E8E1DF286EE454008EE3AA /* CurrencyConverter */ = {
			isa = PBXNativeTarget;
			buildConfigurationList = 75E8E1F4286EE457008EE3AA /* Build configuration list for PBXNativeTarget "CurrencyConverter" */;
			buildPhases = (
				75E8E1DC286EE454008EE3AA /* Sources */,
				75E8E1DD286EE454008EE3AA /* Frameworks */,
				75E8E1DE286EE454008EE3AA /* Resources */,
			);
			buildRules = (
			);
			dependencies = (
			);
			name = CurrencyConverter;
			packageProductDependencies = (
				75E8E1F8286EE59E008EE3AA /* EKSwiftSuite */,
				75E8E223287038D6008EE3AA /* NotSwiftUI */,
				75D898A428709A6E00433661 /* UniversalHTTP */,
				75D898A7287433B200433661 /* FloatingPanel */,
			);
			productName = CurrencyConverter;
			productReference = 75E8E1E0286EE454008EE3AA /* CurrencyConverter.app */;
			productType = "com.apple.product-type.application";
		};
/* End PBXNativeTarget section */

/* Begin PBXProject section */
		75E8E1D8286EE454008EE3AA /* Project object */ = {
			isa = PBXProject;
			attributes = {
				BuildIndependentTargetsInParallel = 1;
				LastSwiftUpdateCheck = 1320;
				LastUpgradeCheck = 1320;
				TargetAttributes = {
					75E8E1DF286EE454008EE3AA = {
						CreatedOnToolsVersion = 13.2;
					};
				};
			};
			buildConfigurationList = 75E8E1DB286EE454008EE3AA /* Build configuration list for PBXProject "CurrencyConverter" */;
			compatibilityVersion = "Xcode 13.0";
			developmentRegion = en;
			hasScannedForEncodings = 0;
			knownRegions = (
				en,
				Base,
			);
			mainGroup = 75E8E1D7286EE454008EE3AA;
			packageReferences = (
				75E8E1F7286EE59E008EE3AA /* XCRemoteSwiftPackageReference "EKSwiftSuite" */,
				75E8E222287038D6008EE3AA /* XCRemoteSwiftPackageReference "notSwiftUI" */,
				75D898A328709A6E00433661 /* XCRemoteSwiftPackageReference "UniversalHTTP" */,
				75D898A6287433B200433661 /* XCRemoteSwiftPackageReference "FloatingPanel" */,
			);
			productRefGroup = 75E8E1E1286EE454008EE3AA /* Products */;
			projectDirPath = "";
			projectRoot = "";
			targets = (
				75E8E1DF286EE454008EE3AA /* CurrencyConverter */,
			);
		};
/* End PBXProject section */

/* Begin PBXResourcesBuildPhase section */
		75E8E1DE286EE454008EE3AA /* Resources */ = {
			isa = PBXResourcesBuildPhase;
			buildActionMask = 2147483647;
			files = (
				75E8E1F0286EE457008EE3AA /* LaunchScreen.storyboard in Resources */,
				75E8E219286EFEC4008EE3AA /* HomeScreenViewController.xib in Resources */,
				75648091288DB9D800353FE5 /* SettingsViewController.xib in Resources */,
				75E8E1ED286EE457008EE3AA /* Assets.xcassets in Resources */,
				75D898D8287ADD5B00433661 /* SiteInfoViewController.xib in Resources */,
				75D898B8287466CD00433661 /* Heebo-Bold.ttf in Resources */,
				75D898B6287466CD00433661 /* Heebo-Medium.ttf in Resources */,
				3D28CA50287C14DC009BB63E /* CurrencyExchangeView.xib in Resources */,
				75D898AF2874476000433661 /* ConverterPanelViewController.xib in Resources */,
				75E8E213286EE90D008EE3AA /* OnboardingViewController.xib in Resources */,
				75D898B7287466CD00433661 /* Heebo-Regular.ttf in Resources */,
			);
			runOnlyForDeploymentPostprocessing = 0;
		};
/* End PBXResourcesBuildPhase section */

/* Begin PBXSourcesBuildPhase section */
		75E8E1DC286EE454008EE3AA /* Sources */ = {
			isa = PBXSourcesBuildPhase;
			buildActionMask = 2147483647;
			files = (
				75E8E23428705175008EE3AA /* Subscribable.swift in Sources */,
				3D28CA4E287C14D4009BB63E /* CurrencyExchangeView.swift in Sources */,
				75D898D7287ADD5B00433661 /* SiteInfoViewController.swift in Sources */,
				75D898BA28781CB900433661 /* Extensions.swift in Sources */,
				75E8E1E8286EE454008EE3AA /* ViewController.swift in Sources */,
				75D898C428786ADD00433661 /* NetworkManager.swift in Sources */,
				75D898AA2874346F00433661 /* LocationManager.swift in Sources */,
				75E8E1FD286EE61C008EE3AA /* MainCoordinator.swift in Sources */,
				75D898AE2874476000433661 /* ConverterPanelViewController.swift in Sources */,
				75E8E207286EE73A008EE3AA /* HomeScreenViewModel.swift in Sources */,
				75648093288DB9DF00353FE5 /* SettingsViewModel.swift in Sources */,
				75E8E22628703A93008EE3AA /* Constants.swift in Sources */,
				75E8E1E4286EE454008EE3AA /* AppDelegate.swift in Sources */,
				75E8E1FF286EE660008EE3AA /* UserManager.swift in Sources */,
				754F3B2028940DA600F0352A /* InAppPurchaseHelper.swift in Sources */,
				75D898B12874477B00433661 /* ConverterPanelViewModel.swift in Sources */,
				75E8E218286EFEC4008EE3AA /* HomeScreenViewController.swift in Sources */,
				75E8E20B286EE802008EE3AA /* BindableViewController.swift in Sources */,
				75D898DA287ADD6D00433661 /* SiteInfoViewModel.swift in Sources */,
				75E8E209286EE7CF008EE3AA /* BaseViewController.swift in Sources */,
				75E8E215286EE917008EE3AA /* OnboardingViewModel.swift in Sources */,
				75D898C82878842000433661 /* CurrencyModel.swift in Sources */,
				75E8E1E6286EE454008EE3AA /* SceneDelegate.swift in Sources */,
				75E8E212286EE90D008EE3AA /* OnboardingViewController.swift in Sources */,
				75E8E20D286EE8D5008EE3AA /* OnboardingCoordinator.swift in Sources */,
				75648090288DB9D800353FE5 /* SettingsViewController.swift in Sources */,
			);
			runOnlyForDeploymentPostprocessing = 0;
		};
/* End PBXSourcesBuildPhase section */

/* Begin PBXVariantGroup section */
		75E8E1EE286EE457008EE3AA /* LaunchScreen.storyboard */ = {
			isa = PBXVariantGroup;
			children = (
				75E8E1EF286EE457008EE3AA /* Base */,
			);
			name = LaunchScreen.storyboard;
			sourceTree = "<group>";
		};
/* End PBXVariantGroup section */

/* Begin XCBuildConfiguration section */
		75E8E1F2286EE457008EE3AA /* Debug */ = {
			isa = XCBuildConfiguration;
			buildSettings = {
				ALWAYS_SEARCH_USER_PATHS = NO;
				CLANG_ANALYZER_NONNULL = YES;
				CLANG_ANALYZER_NUMBER_OBJECT_CONVERSION = YES_AGGRESSIVE;
				CLANG_CXX_LANGUAGE_STANDARD = "gnu++17";
				CLANG_CXX_LIBRARY = "libc++";
				CLANG_ENABLE_MODULES = YES;
				CLANG_ENABLE_OBJC_ARC = YES;
				CLANG_ENABLE_OBJC_WEAK = YES;
				CLANG_WARN_BLOCK_CAPTURE_AUTORELEASING = YES;
				CLANG_WARN_BOOL_CONVERSION = YES;
				CLANG_WARN_COMMA = YES;
				CLANG_WARN_CONSTANT_CONVERSION = YES;
				CLANG_WARN_DEPRECATED_OBJC_IMPLEMENTATIONS = YES;
				CLANG_WARN_DIRECT_OBJC_ISA_USAGE = YES_ERROR;
				CLANG_WARN_DOCUMENTATION_COMMENTS = YES;
				CLANG_WARN_EMPTY_BODY = YES;
				CLANG_WARN_ENUM_CONVERSION = YES;
				CLANG_WARN_INFINITE_RECURSION = YES;
				CLANG_WARN_INT_CONVERSION = YES;
				CLANG_WARN_NON_LITERAL_NULL_CONVERSION = YES;
				CLANG_WARN_OBJC_IMPLICIT_RETAIN_SELF = YES;
				CLANG_WARN_OBJC_LITERAL_CONVERSION = YES;
				CLANG_WARN_OBJC_ROOT_CLASS = YES_ERROR;
				CLANG_WARN_QUOTED_INCLUDE_IN_FRAMEWORK_HEADER = YES;
				CLANG_WARN_RANGE_LOOP_ANALYSIS = YES;
				CLANG_WARN_STRICT_PROTOTYPES = YES;
				CLANG_WARN_SUSPICIOUS_MOVE = YES;
				CLANG_WARN_UNGUARDED_AVAILABILITY = YES_AGGRESSIVE;
				CLANG_WARN_UNREACHABLE_CODE = YES;
				CLANG_WARN__DUPLICATE_METHOD_MATCH = YES;
				COPY_PHASE_STRIP = NO;
				DEBUG_INFORMATION_FORMAT = dwarf;
				ENABLE_STRICT_OBJC_MSGSEND = YES;
				ENABLE_TESTABILITY = YES;
				GCC_C_LANGUAGE_STANDARD = gnu11;
				GCC_DYNAMIC_NO_PIC = NO;
				GCC_NO_COMMON_BLOCKS = YES;
				GCC_OPTIMIZATION_LEVEL = 0;
				GCC_PREPROCESSOR_DEFINITIONS = (
					"DEBUG=1",
					"$(inherited)",
				);
				GCC_WARN_64_TO_32_BIT_CONVERSION = YES;
				GCC_WARN_ABOUT_RETURN_TYPE = YES_ERROR;
				GCC_WARN_UNDECLARED_SELECTOR = YES;
				GCC_WARN_UNINITIALIZED_AUTOS = YES_AGGRESSIVE;
				GCC_WARN_UNUSED_FUNCTION = YES;
				GCC_WARN_UNUSED_VARIABLE = YES;
				IPHONEOS_DEPLOYMENT_TARGET = 15.2;
				MTL_ENABLE_DEBUG_INFO = INCLUDE_SOURCE;
				MTL_FAST_MATH = YES;
				ONLY_ACTIVE_ARCH = YES;
				SDKROOT = iphoneos;
				SWIFT_ACTIVE_COMPILATION_CONDITIONS = DEBUG;
				SWIFT_OPTIMIZATION_LEVEL = "-Onone";
			};
			name = Debug;
		};
		75E8E1F3286EE457008EE3AA /* Release */ = {
			isa = XCBuildConfiguration;
			buildSettings = {
				ALWAYS_SEARCH_USER_PATHS = NO;
				CLANG_ANALYZER_NONNULL = YES;
				CLANG_ANALYZER_NUMBER_OBJECT_CONVERSION = YES_AGGRESSIVE;
				CLANG_CXX_LANGUAGE_STANDARD = "gnu++17";
				CLANG_CXX_LIBRARY = "libc++";
				CLANG_ENABLE_MODULES = YES;
				CLANG_ENABLE_OBJC_ARC = YES;
				CLANG_ENABLE_OBJC_WEAK = YES;
				CLANG_WARN_BLOCK_CAPTURE_AUTORELEASING = YES;
				CLANG_WARN_BOOL_CONVERSION = YES;
				CLANG_WARN_COMMA = YES;
				CLANG_WARN_CONSTANT_CONVERSION = YES;
				CLANG_WARN_DEPRECATED_OBJC_IMPLEMENTATIONS = YES;
				CLANG_WARN_DIRECT_OBJC_ISA_USAGE = YES_ERROR;
				CLANG_WARN_DOCUMENTATION_COMMENTS = YES;
				CLANG_WARN_EMPTY_BODY = YES;
				CLANG_WARN_ENUM_CONVERSION = YES;
				CLANG_WARN_INFINITE_RECURSION = YES;
				CLANG_WARN_INT_CONVERSION = YES;
				CLANG_WARN_NON_LITERAL_NULL_CONVERSION = YES;
				CLANG_WARN_OBJC_IMPLICIT_RETAIN_SELF = YES;
				CLANG_WARN_OBJC_LITERAL_CONVERSION = YES;
				CLANG_WARN_OBJC_ROOT_CLASS = YES_ERROR;
				CLANG_WARN_QUOTED_INCLUDE_IN_FRAMEWORK_HEADER = YES;
				CLANG_WARN_RANGE_LOOP_ANALYSIS = YES;
				CLANG_WARN_STRICT_PROTOTYPES = YES;
				CLANG_WARN_SUSPICIOUS_MOVE = YES;
				CLANG_WARN_UNGUARDED_AVAILABILITY = YES_AGGRESSIVE;
				CLANG_WARN_UNREACHABLE_CODE = YES;
				CLANG_WARN__DUPLICATE_METHOD_MATCH = YES;
				COPY_PHASE_STRIP = NO;
				DEBUG_INFORMATION_FORMAT = "dwarf-with-dsym";
				ENABLE_NS_ASSERTIONS = NO;
				ENABLE_STRICT_OBJC_MSGSEND = YES;
				GCC_C_LANGUAGE_STANDARD = gnu11;
				GCC_NO_COMMON_BLOCKS = YES;
				GCC_WARN_64_TO_32_BIT_CONVERSION = YES;
				GCC_WARN_ABOUT_RETURN_TYPE = YES_ERROR;
				GCC_WARN_UNDECLARED_SELECTOR = YES;
				GCC_WARN_UNINITIALIZED_AUTOS = YES_AGGRESSIVE;
				GCC_WARN_UNUSED_FUNCTION = YES;
				GCC_WARN_UNUSED_VARIABLE = YES;
				IPHONEOS_DEPLOYMENT_TARGET = 15.2;
				MTL_ENABLE_DEBUG_INFO = NO;
				MTL_FAST_MATH = YES;
				SDKROOT = iphoneos;
				SWIFT_COMPILATION_MODE = wholemodule;
				SWIFT_OPTIMIZATION_LEVEL = "-O";
				VALIDATE_PRODUCT = YES;
			};
			name = Release;
		};
		75E8E1F5286EE457008EE3AA /* Debug */ = {
			isa = XCBuildConfiguration;
			buildSettings = {
				ASSETCATALOG_COMPILER_APPICON_NAME = AppIcon;
				ASSETCATALOG_COMPILER_GLOBAL_ACCENT_COLOR_NAME = AccentColor;
				CODE_SIGN_STYLE = Automatic;
				CURRENT_PROJECT_VERSION = 2;
				DEVELOPMENT_TEAM = 678L74QEPX;
				GENERATE_INFOPLIST_FILE = YES;
				INFOPLIST_FILE = CurrencyConverter/Info.plist;
				INFOPLIST_KEY_CFBundleDisplayName = Converty;
				INFOPLIST_KEY_NSLocationAlwaysAndWhenInUseUsageDescription = "We require you location so we can find currency conversion stores near you.";
				INFOPLIST_KEY_NSLocationAlwaysUsageDescription = "We require you location so we can find currency conversion stores near you.";
				INFOPLIST_KEY_NSLocationWhenInUseUsageDescription = "We require you location so we can find currency conversion stores near you.";
				INFOPLIST_KEY_UIApplicationSupportsIndirectInputEvents = YES;
				INFOPLIST_KEY_UILaunchStoryboardName = LaunchScreen;
				INFOPLIST_KEY_UISupportedInterfaceOrientations_iPad = "UIInterfaceOrientationPortrait UIInterfaceOrientationPortraitUpsideDown UIInterfaceOrientationLandscapeLeft UIInterfaceOrientationLandscapeRight";
				INFOPLIST_KEY_UISupportedInterfaceOrientations_iPhone = "UIInterfaceOrientationPortrait UIInterfaceOrientationLandscapeLeft UIInterfaceOrientationLandscapeRight";
				INFOPLIST_KEY_UIUserInterfaceStyle = Light;
				IPHONEOS_DEPLOYMENT_TARGET = 15.2;
				LD_RUNPATH_SEARCH_PATHS = (
					"$(inherited)",
					"@executable_path/Frameworks",
				);
				MARKETING_VERSION = 0.1;
				PRODUCT_BUNDLE_IDENTIFIER = com.jonasg.Converty;
				PRODUCT_NAME = "$(TARGET_NAME)";
				SWIFT_EMIT_LOC_STRINGS = YES;
				SWIFT_VERSION = 5.0;
				TARGETED_DEVICE_FAMILY = 1;
			};
			name = Debug;
		};
		75E8E1F6286EE457008EE3AA /* Release */ = {
			isa = XCBuildConfiguration;
			buildSettings = {
				ASSETCATALOG_COMPILER_APPICON_NAME = AppIcon;
				ASSETCATALOG_COMPILER_GLOBAL_ACCENT_COLOR_NAME = AccentColor;
				CODE_SIGN_STYLE = Automatic;
				CURRENT_PROJECT_VERSION = 2;
				DEVELOPMENT_TEAM = 678L74QEPX;
				GENERATE_INFOPLIST_FILE = YES;
				INFOPLIST_FILE = CurrencyConverter/Info.plist;
				INFOPLIST_KEY_CFBundleDisplayName = Converty;
				INFOPLIST_KEY_NSLocationAlwaysAndWhenInUseUsageDescription = "We require you location so we can find currency conversion stores near you.";
				INFOPLIST_KEY_NSLocationAlwaysUsageDescription = "We require you location so we can find currency conversion stores near you.";
				INFOPLIST_KEY_NSLocationWhenInUseUsageDescription = "We require you location so we can find currency conversion stores near you.";
				INFOPLIST_KEY_UIApplicationSupportsIndirectInputEvents = YES;
				INFOPLIST_KEY_UILaunchStoryboardName = LaunchScreen;
				INFOPLIST_KEY_UISupportedInterfaceOrientations_iPad = "UIInterfaceOrientationPortrait UIInterfaceOrientationPortraitUpsideDown UIInterfaceOrientationLandscapeLeft UIInterfaceOrientationLandscapeRight";
				INFOPLIST_KEY_UISupportedInterfaceOrientations_iPhone = "UIInterfaceOrientationPortrait UIInterfaceOrientationLandscapeLeft UIInterfaceOrientationLandscapeRight";
				INFOPLIST_KEY_UIUserInterfaceStyle = Light;
				IPHONEOS_DEPLOYMENT_TARGET = 15.2;
				LD_RUNPATH_SEARCH_PATHS = (
					"$(inherited)",
					"@executable_path/Frameworks",
				);
				MARKETING_VERSION = 0.1;
				PRODUCT_BUNDLE_IDENTIFIER = com.jonasg.Converty;
				PRODUCT_NAME = "$(TARGET_NAME)";
				SWIFT_EMIT_LOC_STRINGS = YES;
				SWIFT_VERSION = 5.0;
				TARGETED_DEVICE_FAMILY = 1;
			};
			name = Release;
		};
/* End XCBuildConfiguration section */

/* Begin XCConfigurationList section */
		75E8E1DB286EE454008EE3AA /* Build configuration list for PBXProject "CurrencyConverter" */ = {
			isa = XCConfigurationList;
			buildConfigurations = (
				75E8E1F2286EE457008EE3AA /* Debug */,
				75E8E1F3286EE457008EE3AA /* Release */,
			);
			defaultConfigurationIsVisible = 0;
			defaultConfigurationName = Release;
		};
		75E8E1F4286EE457008EE3AA /* Build configuration list for PBXNativeTarget "CurrencyConverter" */ = {
			isa = XCConfigurationList;
			buildConfigurations = (
				75E8E1F5286EE457008EE3AA /* Debug */,
				75E8E1F6286EE457008EE3AA /* Release */,
			);
			defaultConfigurationIsVisible = 0;
			defaultConfigurationName = Release;
		};
/* End XCConfigurationList section */

/* Begin XCRemoteSwiftPackageReference section */
		75D898A328709A6E00433661 /* XCRemoteSwiftPackageReference "UniversalHTTP" */ = {
			isa = XCRemoteSwiftPackageReference;
			repositoryURL = "https://github.com/Jonas1197/UniversalHTTP.git";
			requirement = {
				branch = main;
				kind = branch;
			};
		};
		75D898A6287433B200433661 /* XCRemoteSwiftPackageReference "FloatingPanel" */ = {
			isa = XCRemoteSwiftPackageReference;
			repositoryURL = "https://github.com/scenee/FloatingPanel.git";
			requirement = {
				kind = upToNextMajorVersion;
				minimumVersion = 2.0.0;
			};
		};
		75E8E1F7286EE59E008EE3AA /* XCRemoteSwiftPackageReference "EKSwiftSuite" */ = {
			isa = XCRemoteSwiftPackageReference;
			repositoryURL = "https://github.com/eilonkr/EKSwiftSuite.git";
			requirement = {
				branch = main;
				kind = branch;
			};
		};
		75E8E222287038D6008EE3AA /* XCRemoteSwiftPackageReference "notSwiftUI" */ = {
			isa = XCRemoteSwiftPackageReference;
			repositoryURL = "https://github.com/Jonas1197/notSwiftUI";
			requirement = {
				branch = main;
				kind = branch;
			};
		};
/* End XCRemoteSwiftPackageReference section */

/* Begin XCSwiftPackageProductDependency section */
		75D898A428709A6E00433661 /* UniversalHTTP */ = {
			isa = XCSwiftPackageProductDependency;
			package = 75D898A328709A6E00433661 /* XCRemoteSwiftPackageReference "UniversalHTTP" */;
			productName = UniversalHTTP;
		};
		75D898A7287433B200433661 /* FloatingPanel */ = {
			isa = XCSwiftPackageProductDependency;
			package = 75D898A6287433B200433661 /* XCRemoteSwiftPackageReference "FloatingPanel" */;
			productName = FloatingPanel;
		};
		75E8E1F8286EE59E008EE3AA /* EKSwiftSuite */ = {
			isa = XCSwiftPackageProductDependency;
			package = 75E8E1F7286EE59E008EE3AA /* XCRemoteSwiftPackageReference "EKSwiftSuite" */;
			productName = EKSwiftSuite;
		};
		75E8E223287038D6008EE3AA /* NotSwiftUI */ = {
			isa = XCSwiftPackageProductDependency;
			package = 75E8E222287038D6008EE3AA /* XCRemoteSwiftPackageReference "notSwiftUI" */;
			productName = NotSwiftUI;
		};
/* End XCSwiftPackageProductDependency section */
	};
	rootObject = 75E8E1D8286EE454008EE3AA /* Project object */;
}
